
Microsoft Visual Studio Solution File, Format Version 12.00
# Visual Studio Version 16
VisualStudioVersion = 16.0.29215.179
MinimumVisualStudioVersion = 10.0.40219.1
Project("{FAE04EC0-301F-11D3-BF4B-00C04F79EFBC}") = "EnrollmentApplication", "EnrollmentApplication\EnrollmentApplication.csproj", "{5501B080-599A-45D6-B015-55085CA9A080}"
EndProject
Global
	GlobalSection(SolutionConfigurationPlatforms) = preSolution
		Debug|Any CPU = Debug|Any CPU
		Release|Any CPU = Release|Any CPU
	EndGlobalSection
	GlobalSection(ProjectConfigurationPlatforms) = postSolution
		{5501B080-599A-45D6-B015-55085CA9A080}.Debug|Any CPU.ActiveCfg = Debug|Any CPU
		{5501B080-599A-45D6-B015-55085CA9A080}.Debug|Any CPU.Build.0 = Debug|Any CPU
		{5501B080-599A-45D6-B015-55085CA9A080}.Release|Any CPU.ActiveCfg = Release|Any CPU
		{5501B080-599A-45D6-B015-55085CA9A080}.Release|Any CPU.Build.0 = Release|Any CPU
	EndGlobalSection
	GlobalSection(SolutionProperties) = preSolution
		HideSolutionNode = FALSE
	EndGlobalSection
	GlobalSection(ExtensibilityGlobals) = postSolution
		SolutionGuid = {910DC3CF-B5DA-4D5B-8605-CAB2E2F5D560}
	EndGlobalSection
EndGlobal
