
Microsoft Visual Studio Solution File, Format Version 12.00
# Visual Studio Version 16
VisualStudioVersion = 16.0.29215.179
MinimumVisualStudioVersion = 10.0.40219.1
Project("{FAE04EC0-301F-11D3-BF4B-00C04F79EFBC}") = "Lab8", "Lab8\Lab8.csproj", "{6F848E39-E34A-421E-A162-DA083A82C408}"
EndProject
Global
	GlobalSection(SolutionConfigurationPlatforms) = preSolution
		Debug|Any CPU = Debug|Any CPU
		Release|Any CPU = Release|Any CPU
	EndGlobalSection
	GlobalSection(ProjectConfigurationPlatforms) = postSolution
		{6F848E39-E34A-421E-A162-DA083A82C408}.Debug|Any CPU.ActiveCfg = Debug|Any CPU
		{6F848E39-E34A-421E-A162-DA083A82C408}.Debug|Any CPU.Build.0 = Debug|Any CPU
		{6F848E39-E34A-421E-A162-DA083A82C408}.Release|Any CPU.ActiveCfg = Release|Any CPU
		{6F848E39-E34A-421E-A162-DA083A82C408}.Release|Any CPU.Build.0 = Release|Any CPU
	EndGlobalSection
	GlobalSection(SolutionProperties) = preSolution
		HideSolutionNode = FALSE
	EndGlobalSection
	GlobalSection(ExtensibilityGlobals) = postSolution
		SolutionGuid = {21406062-6968-4E91-8031-B8D0D34C2EB1}
	EndGlobalSection
EndGlobal
