
Microsoft Visual Studio Solution File, Format Version 12.00
# Visual Studio Version 16
VisualStudioVersion = 16.0.29215.179
MinimumVisualStudioVersion = 10.0.40219.1
Project("{FAE04EC0-301F-11D3-BF4B-00C04F79EFBC}") = "Lab2", "Lab2\Lab2.csproj", "{A59C314D-C92C-4327-B10A-EA8B3CD48992}"
EndProject
Global
	GlobalSection(SolutionConfigurationPlatforms) = preSolution
		Debug|Any CPU = Debug|Any CPU
		Release|Any CPU = Release|Any CPU
	EndGlobalSection
	GlobalSection(ProjectConfigurationPlatforms) = postSolution
		{A59C314D-C92C-4327-B10A-EA8B3CD48992}.Debug|Any CPU.ActiveCfg = Debug|Any CPU
		{A59C314D-C92C-4327-B10A-EA8B3CD48992}.Debug|Any CPU.Build.0 = Debug|Any CPU
		{A59C314D-C92C-4327-B10A-EA8B3CD48992}.Release|Any CPU.ActiveCfg = Release|Any CPU
		{A59C314D-C92C-4327-B10A-EA8B3CD48992}.Release|Any CPU.Build.0 = Release|Any CPU
	EndGlobalSection
	GlobalSection(SolutionProperties) = preSolution
		HideSolutionNode = FALSE
	EndGlobalSection
	GlobalSection(ExtensibilityGlobals) = postSolution
		SolutionGuid = {84BE2981-CA1A-4B0B-B6E0-2F0B3EC3375A}
	EndGlobalSection
EndGlobal
